
Microsoft Visual Studio Solution File, Format Version 12.00
# Visual Studio Version 17
VisualStudioVersion = 17.0.32112.339
MinimumVisualStudioVersion = 10.0.40219.1
Project("{9A19103F-16F7-4668-BE54-9A1E7A4F7556}") = "AvcolForms.Web", "AvcolForms.Web\AvcolForms.Web.csproj", "{969E9462-9BB3-43BE-8CEE-224D6FEA13B8}"
EndProject
Project("{9A19103F-16F7-4668-BE54-9A1E7A4F7556}") = "AvcolForms.Core.Data", "AvcolForms.Core.Data\AvcolForms.Core.Data.csproj", "{C6A8F39B-0C90-4CE3-86B9-84CD353DAD4B}"
EndProject
Project("{9A19103F-16F7-4668-BE54-9A1E7A4F7556}") = "AvcolForms.Core", "AvcolForms.Core\AvcolForms.Core.csproj", "{0D8F15B0-62E5-43E1-AEC4-C5BA729FD6E1}"
EndProject
Project("{9A19103F-16F7-4668-BE54-9A1E7A4F7556}") = "AvcolForms.Tests", "AvcolForms.Tests\AvcolForms.Tests.csproj", "{F3B50CD7-F8CB-4E43-A7D4-045DBA7D9302}"
EndProject
Project("{FAE04EC0-301F-11D3-BF4B-00C04F79EFBC}") = "AvcolForms.Core.Data.Migrations", "AvcolForms.Core.Data.Migrations\AvcolForms.Core.Data.Migrations.csproj", "{19B7A86B-F3DC-447C-94C5-455B07E6F31B}"
EndProject
Global
	GlobalSection(SolutionConfigurationPlatforms) = preSolution
		Debug|Any CPU = Debug|Any CPU
		Release|Any CPU = Release|Any CPU
	EndGlobalSection
	GlobalSection(ProjectConfigurationPlatforms) = postSolution
		{969E9462-9BB3-43BE-8CEE-224D6FEA13B8}.Debug|Any CPU.ActiveCfg = Debug|Any CPU
		{969E9462-9BB3-43BE-8CEE-224D6FEA13B8}.Debug|Any CPU.Build.0 = Debug|Any CPU
		{969E9462-9BB3-43BE-8CEE-224D6FEA13B8}.Release|Any CPU.ActiveCfg = Release|Any CPU
		{969E9462-9BB3-43BE-8CEE-224D6FEA13B8}.Release|Any CPU.Build.0 = Release|Any CPU
		{C6A8F39B-0C90-4CE3-86B9-84CD353DAD4B}.Debug|Any CPU.ActiveCfg = Debug|Any CPU
		{C6A8F39B-0C90-4CE3-86B9-84CD353DAD4B}.Debug|Any CPU.Build.0 = Debug|Any CPU
		{C6A8F39B-0C90-4CE3-86B9-84CD353DAD4B}.Release|Any CPU.ActiveCfg = Release|Any CPU
		{C6A8F39B-0C90-4CE3-86B9-84CD353DAD4B}.Release|Any CPU.Build.0 = Release|Any CPU
		{0D8F15B0-62E5-43E1-AEC4-C5BA729FD6E1}.Debug|Any CPU.ActiveCfg = Debug|Any CPU
		{0D8F15B0-62E5-43E1-AEC4-C5BA729FD6E1}.Debug|Any CPU.Build.0 = Debug|Any CPU
		{0D8F15B0-62E5-43E1-AEC4-C5BA729FD6E1}.Release|Any CPU.ActiveCfg = Release|Any CPU
		{0D8F15B0-62E5-43E1-AEC4-C5BA729FD6E1}.Release|Any CPU.Build.0 = Release|Any CPU
		{F3B50CD7-F8CB-4E43-A7D4-045DBA7D9302}.Debug|Any CPU.ActiveCfg = Debug|Any CPU
		{F3B50CD7-F8CB-4E43-A7D4-045DBA7D9302}.Debug|Any CPU.Build.0 = Debug|Any CPU
		{F3B50CD7-F8CB-4E43-A7D4-045DBA7D9302}.Release|Any CPU.ActiveCfg = Release|Any CPU
		{F3B50CD7-F8CB-4E43-A7D4-045DBA7D9302}.Release|Any CPU.Build.0 = Release|Any CPU
		{19B7A86B-F3DC-447C-94C5-455B07E6F31B}.Debug|Any CPU.ActiveCfg = Debug|Any CPU
		{19B7A86B-F3DC-447C-94C5-455B07E6F31B}.Debug|Any CPU.Build.0 = Debug|Any CPU
		{19B7A86B-F3DC-447C-94C5-455B07E6F31B}.Release|Any CPU.ActiveCfg = Release|Any CPU
		{19B7A86B-F3DC-447C-94C5-455B07E6F31B}.Release|Any CPU.Build.0 = Release|Any CPU
	EndGlobalSection
	GlobalSection(SolutionProperties) = preSolution
		HideSolutionNode = FALSE
	EndGlobalSection
	GlobalSection(ExtensibilityGlobals) = postSolution
		SolutionGuid = {17852741-55FE-48AB-8BF3-68AFA5565C92}
	EndGlobalSection
EndGlobal
